// !$*UTF8*$!
{
	archiveVersion = 1;
	classes = {
	};
	objectVersion = 46;
	objects = {

/* Begin PBXBuildFile section */
		0B53900600BF0E893641226A /* libPods.a in Frameworks */ = {isa = PBXBuildFile; fileRef = 8F4128A21AF712975EEA4C35 /* libPods.a */; };
		87B4D4571CEC329E00DFA78B /* RSA.m in Sources */ = {isa = PBXBuildFile; fileRef = 87B4D4561CEC329E00DFA78B /* RSA.m */; };
		87DCAA161C06CE1500733A19 /* NSData+Base64.m in Sources */ = {isa = PBXBuildFile; fileRef = 87DCAA131C06CE1500733A19 /* NSData+Base64.m */; settings = {COMPILER_FLAGS = "-fno-objc-arc"; }; };
		87E9757A1BF3A12F004F5D01 /* main.m in Sources */ = {isa = PBXBuildFile; fileRef = 87E975791BF3A12F004F5D01 /* main.m */; };
		87E9757D1BF3A12F004F5D01 /* AppDelegate.m in Sources */ = {isa = PBXBuildFile; fileRef = 87E9757C1BF3A12F004F5D01 /* AppDelegate.m */; };
		87E975801BF3A12F004F5D01 /* ViewController.m in Sources */ = {isa = PBXBuildFile; fileRef = 87E9757F1BF3A12F004F5D01 /* ViewController.m */; };
		87E975831BF3A12F004F5D01 /* Main.storyboard in Resources */ = {isa = PBXBuildFile; fileRef = 87E975811BF3A12F004F5D01 /* Main.storyboard */; };
		87E975851BF3A12F004F5D01 /* Assets.xcassets in Resources */ = {isa = PBXBuildFile; fileRef = 87E975841BF3A12F004F5D01 /* Assets.xcassets */; };
		87E975881BF3A12F004F5D01 /* LaunchScreen.storyboard in Resources */ = {isa = PBXBuildFile; fileRef = 87E975861BF3A12F004F5D01 /* LaunchScreen.storyboard */; };
		87E9759D1BF3A20E004F5D01 /* MoMoConfig.m in Sources */ = {isa = PBXBuildFile; fileRef = 87E975921BF3A20E004F5D01 /* MoMoConfig.m */; };
		87E9759E1BF3A20E004F5D01 /* MoMoPayment.m in Sources */ = {isa = PBXBuildFile; fileRef = 87E975941BF3A20E004F5D01 /* MoMoPayment.m */; };
		87E9759F1BF3A20E004F5D01 /* MoMoPaySDK.m in Sources */ = {isa = PBXBuildFile; fileRef = 87E975961BF3A20E004F5D01 /* MoMoPaySDK.m */; };
		87E975A01BF3A20E004F5D01 /* momo.png in Resources */ = {isa = PBXBuildFile; fileRef = 87E975981BF3A20E004F5D01 /* momo.png */; };
		87E975A11BF3A20E004F5D01 /* momo@2x.png in Resources */ = {isa = PBXBuildFile; fileRef = 87E975991BF3A20E004F5D01 /* momo@2x.png */; };
		87E975A21BF3A20E004F5D01 /* momo_highlights.png in Resources */ = {isa = PBXBuildFile; fileRef = 87E9759A1BF3A20E004F5D01 /* momo_highlights.png */; };
		87E975A31BF3A20E004F5D01 /* momo_highlights@2x.png in Resources */ = {isa = PBXBuildFile; fileRef = 87E9759B1BF3A20E004F5D01 /* momo_highlights@2x.png */; };
/* End PBXBuildFile section */

/* Begin PBXContainerItemProxy section */
		211F86811E66EAA600C19FC5 /* PBXContainerItemProxy */ = {
			isa = PBXContainerItemProxy;
			containerPortal = 211F867D1E66EAA600C19FC5 /* SDK_Demo_Swift2.xcodeproj */;
			proxyType = 2;
			remoteGlobalIDString = 211F86681E66EAA500C19FC5;
			remoteInfo = SDK_Demo_Swift2;
		};
/* End PBXContainerItemProxy section */

/* Begin PBXFileReference section */
		06BE8FFA250A72FD01F7EC82 /* Pods.debug.xcconfig */ = {isa = PBXFileReference; includeInIndex = 1; lastKnownFileType = text.xcconfig; name = Pods.debug.xcconfig; path = "Pods/Target Support Files/Pods/Pods.debug.xcconfig"; sourceTree = "<group>"; };
		211F867D1E66EAA600C19FC5 /* SDK_Demo_Swift2.xcodeproj */ = {isa = PBXFileReference; lastKnownFileType = "wrapper.pb-project"; name = SDK_Demo_Swift2.xcodeproj; path = SDK_Demo_Swift2/SDK_Demo_Swift2.xcodeproj; sourceTree = "<group>"; };
		87B4D4551CEC329E00DFA78B /* RSA.h */ = {isa = PBXFileReference; fileEncoding = 4; lastKnownFileType = sourcecode.c.h; path = RSA.h; sourceTree = "<group>"; };
		87B4D4561CEC329E00DFA78B /* RSA.m */ = {isa = PBXFileReference; fileEncoding = 4; lastKnownFileType = sourcecode.c.objc; path = RSA.m; sourceTree = "<group>"; };
		87DCAA121C06CE1500733A19 /* NSData+Base64.h */ = {isa = PBXFileReference; fileEncoding = 4; lastKnownFileType = sourcecode.c.h; path = "NSData+Base64.h"; sourceTree = "<group>"; };
		87DCAA131C06CE1500733A19 /* NSData+Base64.m */ = {isa = PBXFileReference; fileEncoding = 4; lastKnownFileType = sourcecode.c.objc; path = "NSData+Base64.m"; sourceTree = "<group>"; };
		87E975751BF3A12F004F5D01 /* SampleApp-Xcode.app */ = {isa = PBXFileReference; explicitFileType = wrapper.application; includeInIndex = 0; path = "SampleApp-Xcode.app"; sourceTree = BUILT_PRODUCTS_DIR; };
		87E975791BF3A12F004F5D01 /* main.m */ = {isa = PBXFileReference; lastKnownFileType = sourcecode.c.objc; path = main.m; sourceTree = "<group>"; };
		87E9757B1BF3A12F004F5D01 /* AppDelegate.h */ = {isa = PBXFileReference; lastKnownFileType = sourcecode.c.h; path = AppDelegate.h; sourceTree = "<group>"; };
		87E9757C1BF3A12F004F5D01 /* AppDelegate.m */ = {isa = PBXFileReference; lastKnownFileType = sourcecode.c.objc; path = AppDelegate.m; sourceTree = "<group>"; };
		87E9757E1BF3A12F004F5D01 /* ViewController.h */ = {isa = PBXFileReference; lastKnownFileType = sourcecode.c.h; path = ViewController.h; sourceTree = "<group>"; };
		87E9757F1BF3A12F004F5D01 /* ViewController.m */ = {isa = PBXFileReference; lastKnownFileType = sourcecode.c.objc; path = ViewController.m; sourceTree = "<group>"; };
		87E975821BF3A12F004F5D01 /* Base */ = {isa = PBXFileReference; lastKnownFileType = file.storyboard; name = Base; path = Base.lproj/Main.storyboard; sourceTree = "<group>"; };
		87E975841BF3A12F004F5D01 /* Assets.xcassets */ = {isa = PBXFileReference; lastKnownFileType = folder.assetcatalog; path = Assets.xcassets; sourceTree = "<group>"; };
		87E975871BF3A12F004F5D01 /* Base */ = {isa = PBXFileReference; lastKnownFileType = file.storyboard; name = Base; path = Base.lproj/LaunchScreen.storyboard; sourceTree = "<group>"; };
		87E975891BF3A12F004F5D01 /* Info.plist */ = {isa = PBXFileReference; lastKnownFileType = text.plist.xml; path = Info.plist; sourceTree = "<group>"; };
		87E975911BF3A20E004F5D01 /* MoMoConfig.h */ = {isa = PBXFileReference; fileEncoding = 4; lastKnownFileType = sourcecode.c.h; path = MoMoConfig.h; sourceTree = "<group>"; };
		87E975921BF3A20E004F5D01 /* MoMoConfig.m */ = {isa = PBXFileReference; fileEncoding = 4; lastKnownFileType = sourcecode.c.objc; path = MoMoConfig.m; sourceTree = "<group>"; };
		87E975931BF3A20E004F5D01 /* MoMoPayment.h */ = {isa = PBXFileReference; fileEncoding = 4; lastKnownFileType = sourcecode.c.h; path = MoMoPayment.h; sourceTree = "<group>"; };
		87E975941BF3A20E004F5D01 /* MoMoPayment.m */ = {isa = PBXFileReference; fileEncoding = 4; lastKnownFileType = sourcecode.c.objc; path = MoMoPayment.m; sourceTree = "<group>"; };
		87E975951BF3A20E004F5D01 /* MoMoPaySDK.h */ = {isa = PBXFileReference; fileEncoding = 4; lastKnownFileType = sourcecode.c.h; path = MoMoPaySDK.h; sourceTree = "<group>"; };
		87E975961BF3A20E004F5D01 /* MoMoPaySDK.m */ = {isa = PBXFileReference; fileEncoding = 4; lastKnownFileType = sourcecode.c.objc; path = MoMoPaySDK.m; sourceTree = "<group>"; };
		87E975981BF3A20E004F5D01 /* momo.png */ = {isa = PBXFileReference; lastKnownFileType = image.png; path = momo.png; sourceTree = "<group>"; };
		87E975991BF3A20E004F5D01 /* momo@2x.png */ = {isa = PBXFileReference; lastKnownFileType = image.png; path = "momo@2x.png"; sourceTree = "<group>"; };
		87E9759A1BF3A20E004F5D01 /* momo_highlights.png */ = {isa = PBXFileReference; lastKnownFileType = image.png; path = momo_highlights.png; sourceTree = "<group>"; };
		87E9759B1BF3A20E004F5D01 /* momo_highlights@2x.png */ = {isa = PBXFileReference; lastKnownFileType = image.png; path = "momo_highlights@2x.png"; sourceTree = "<group>"; };
		87E9759C1BF3A20E004F5D01 /* MoMoPayPrefix.pch */ = {isa = PBXFileReference; fileEncoding = 4; lastKnownFileType = sourcecode.c.h; name = MoMoPayPrefix.pch; path = MoMoPaySDK/Resource/MoMoPayPrefix.pch; sourceTree = "<group>"; };
		87FE9F041CD137F100D4CEC9 /* MoMoPrefix.pch */ = {isa = PBXFileReference; lastKnownFileType = sourcecode.c.h; path = MoMoPrefix.pch; sourceTree = "<group>"; };
		8F4128A21AF712975EEA4C35 /* libPods.a */ = {isa = PBXFileReference; explicitFileType = archive.ar; includeInIndex = 0; path = libPods.a; sourceTree = BUILT_PRODUCTS_DIR; };
		B068FE2508BDCB2231DB3FDE /* Pods.release.xcconfig */ = {isa = PBXFileReference; includeInIndex = 1; lastKnownFileType = text.xcconfig; name = Pods.release.xcconfig; path = "Pods/Target Support Files/Pods/Pods.release.xcconfig"; sourceTree = "<group>"; };
/* End PBXFileReference section */

/* Begin PBXFrameworksBuildPhase section */
		87E975721BF3A12F004F5D01 /* Frameworks */ = {
			isa = PBXFrameworksBuildPhase;
			buildActionMask = 2147483647;
			files = (
				0B53900600BF0E893641226A /* libPods.a in Frameworks */,
			);
			runOnlyForDeploymentPostprocessing = 0;
		};
/* End PBXFrameworksBuildPhase section */

/* Begin PBXGroup section */
		140BCFF6D52DC8C71F1ADAE7 /* Frameworks */ = {
			isa = PBXGroup;
			children = (
				8F4128A21AF712975EEA4C35 /* libPods.a */,
			);
			name = Frameworks;
			sourceTree = "<group>";
		};
		211F867E1E66EAA600C19FC5 /* Products */ = {
			isa = PBXGroup;
			children = (
				211F86821E66EAA600C19FC5 /* SDK_Demo_Swift2.app */,
			);
			name = Products;
			sourceTree = "<group>";
		};
		7B266E10842188812672B6BE /* Pods */ = {
			isa = PBXGroup;
			children = (
				06BE8FFA250A72FD01F7EC82 /* Pods.debug.xcconfig */,
				B068FE2508BDCB2231DB3FDE /* Pods.release.xcconfig */,
			);
			name = Pods;
			sourceTree = "<group>";
		};
		87DCAA111C06CE1500733A19 /* Cipher */ = {
			isa = PBXGroup;
			children = (
				87B4D4551CEC329E00DFA78B /* RSA.h */,
				87B4D4561CEC329E00DFA78B /* RSA.m */,
				87DCAA121C06CE1500733A19 /* NSData+Base64.h */,
				87DCAA131C06CE1500733A19 /* NSData+Base64.m */,
			);
			path = Cipher;
			sourceTree = "<group>";
		};
		87E9756C1BF3A12F004F5D01 = {
			isa = PBXGroup;
			children = (
				211F867D1E66EAA600C19FC5 /* SDK_Demo_Swift2.xcodeproj */,
				87E975771BF3A12F004F5D01 /* SampleApp-Xcode */,
				87E975761BF3A12F004F5D01 /* Products */,
				7B266E10842188812672B6BE /* Pods */,
				140BCFF6D52DC8C71F1ADAE7 /* Frameworks */,
			);
			sourceTree = "<group>";
		};
		87E975761BF3A12F004F5D01 /* Products */ = {
			isa = PBXGroup;
			children = (
				87E975751BF3A12F004F5D01 /* SampleApp-Xcode.app */,
			);
			name = Products;
			sourceTree = "<group>";
		};
		87E975771BF3A12F004F5D01 /* SampleApp-Xcode */ = {
			isa = PBXGroup;
			children = (
				87E9758F1BF3A20E004F5D01 /* MoMoPaySDK */,
				87E9757B1BF3A12F004F5D01 /* AppDelegate.h */,
				87E9757C1BF3A12F004F5D01 /* AppDelegate.m */,
				87E9757E1BF3A12F004F5D01 /* ViewController.h */,
				87E9757F1BF3A12F004F5D01 /* ViewController.m */,
				87E9759C1BF3A20E004F5D01 /* MoMoPayPrefix.pch */,
				87E975811BF3A12F004F5D01 /* Main.storyboard */,
				87E975841BF3A12F004F5D01 /* Assets.xcassets */,
				87E975861BF3A12F004F5D01 /* LaunchScreen.storyboard */,
				87E975891BF3A12F004F5D01 /* Info.plist */,
				87E975781BF3A12F004F5D01 /* Supporting Files */,
				87FE9F041CD137F100D4CEC9 /* MoMoPrefix.pch */,
			);
			path = "SampleApp-Xcode";
			sourceTree = "<group>";
		};
		87E975781BF3A12F004F5D01 /* Supporting Files */ = {
			isa = PBXGroup;
			children = (
				87E975791BF3A12F004F5D01 /* main.m */,
			);
			name = "Supporting Files";
			sourceTree = "<group>";
		};
		87E9758F1BF3A20E004F5D01 /* MoMoPaySDK */ = {
			isa = PBXGroup;
			children = (
				87DCAA111C06CE1500733A19 /* Cipher */,
				87E975901BF3A20E004F5D01 /* API */,
				87E975971BF3A20E004F5D01 /* Resource */,
			);
			path = MoMoPaySDK;
			sourceTree = "<group>";
		};
		87E975901BF3A20E004F5D01 /* API */ = {
			isa = PBXGroup;
			children = (
				87E975911BF3A20E004F5D01 /* MoMoConfig.h */,
				87E975921BF3A20E004F5D01 /* MoMoConfig.m */,
				87E975931BF3A20E004F5D01 /* MoMoPayment.h */,
				87E975941BF3A20E004F5D01 /* MoMoPayment.m */,
				87E975951BF3A20E004F5D01 /* MoMoPaySDK.h */,
				87E975961BF3A20E004F5D01 /* MoMoPaySDK.m */,
			);
			path = API;
			sourceTree = "<group>";
		};
		87E975971BF3A20E004F5D01 /* Resource */ = {
			isa = PBXGroup;
			children = (
				87E975981BF3A20E004F5D01 /* momo.png */,
				87E975991BF3A20E004F5D01 /* momo@2x.png */,
				87E9759A1BF3A20E004F5D01 /* momo_highlights.png */,
				87E9759B1BF3A20E004F5D01 /* momo_highlights@2x.png */,
			);
			path = Resource;
			sourceTree = "<group>";
		};
/* End PBXGroup section */

/* Begin PBXNativeTarget section */
		87E975741BF3A12F004F5D01 /* SampleApp-Xcode */ = {
			isa = PBXNativeTarget;
			buildConfigurationList = 87E9758C1BF3A12F004F5D01 /* Build configuration list for PBXNativeTarget "SampleApp-Xcode" */;
			buildPhases = (
				00F69D4F3E008C172BE393AB /* Check Pods Manifest.lock */,
				87E975711BF3A12F004F5D01 /* Sources */,
				87E975721BF3A12F004F5D01 /* Frameworks */,
				87E975731BF3A12F004F5D01 /* Resources */,
				10093525F1F1793EFFEAD598 /* Embed Pods Frameworks */,
				7C63E0AA11FEA07E1ACCB057 /* Copy Pods Resources */,
			);
			buildRules = (
			);
			dependencies = (
			);
			name = "SampleApp-Xcode";
			productName = "SampleApp-Xcode";
			productReference = 87E975751BF3A12F004F5D01 /* SampleApp-Xcode.app */;
			productType = "com.apple.product-type.application";
		};
/* End PBXNativeTarget section */

/* Begin PBXProject section */
		87E9756D1BF3A12F004F5D01 /* Project object */ = {
			isa = PBXProject;
			attributes = {
				LastSwiftUpdateCheck = 0720;
				LastUpgradeCheck = 0700;
				ORGANIZATIONNAME = LuuLanh;
				TargetAttributes = {
					87E975741BF3A12F004F5D01 = {
						CreatedOnToolsVersion = 7.0.1;
						DevelopmentTeam = HTKVRHE3RY;
						SystemCapabilities = {
							com.apple.Push = {
								enabled = 1;
							};
						};
					};
				};
			};
			buildConfigurationList = 87E975701BF3A12F004F5D01 /* Build configuration list for PBXProject "SampleApp-Xcode" */;
			compatibilityVersion = "Xcode 3.2";
			developmentRegion = English;
			hasScannedForEncodings = 0;
			knownRegions = (
				en,
				Base,
			);
			mainGroup = 87E9756C1BF3A12F004F5D01;
			productRefGroup = 87E975761BF3A12F004F5D01 /* Products */;
			projectDirPath = "";
			projectReferences = (
				{
					ProductGroup = 211F867E1E66EAA600C19FC5 /* Products */;
					ProjectRef = 211F867D1E66EAA600C19FC5 /* SDK_Demo_Swift2.xcodeproj */;
				},
			);
			projectRoot = "";
			targets = (
				87E975741BF3A12F004F5D01 /* SampleApp-Xcode */,
			);
		};
/* End PBXProject section */

/* Begin PBXReferenceProxy section */
		211F86821E66EAA600C19FC5 /* SDK_Demo_Swift2.app */ = {
			isa = PBXReferenceProxy;
			fileType = wrapper.application;
			path = SDK_Demo_Swift2.app;
			remoteRef = 211F86811E66EAA600C19FC5 /* PBXContainerItemProxy */;
			sourceTree = BUILT_PRODUCTS_DIR;
		};
/* End PBXReferenceProxy section */

/* Begin PBXResourcesBuildPhase section */
		87E975731BF3A12F004F5D01 /* Resources */ = {
			isa = PBXResourcesBuildPhase;
			buildActionMask = 2147483647;
			files = (
				87E975A31BF3A20E004F5D01 /* momo_highlights@2x.png in Resources */,
				87E975881BF3A12F004F5D01 /* LaunchScreen.storyboard in Resources */,
				87E975851BF3A12F004F5D01 /* Assets.xcassets in Resources */,
				87E975A21BF3A20E004F5D01 /* momo_highlights.png in Resources */,
				87E975A11BF3A20E004F5D01 /* momo@2x.png in Resources */,
				87E975831BF3A12F004F5D01 /* Main.storyboard in Resources */,
				87E975A01BF3A20E004F5D01 /* momo.png in Resources */,
			);
			runOnlyForDeploymentPostprocessing = 0;
		};
/* End PBXResourcesBuildPhase section */

/* Begin PBXShellScriptBuildPhase section */
		00F69D4F3E008C172BE393AB /* Check Pods Manifest.lock */ = {
			isa = PBXShellScriptBuildPhase;
			buildActionMask = 2147483647;
			files = (
			);
			inputPaths = (
			);
			name = "Check Pods Manifest.lock";
			outputPaths = (
			);
			runOnlyForDeploymentPostprocessing = 0;
			shellPath = /bin/sh;
			shellScript = "diff \"${PODS_ROOT}/../Podfile.lock\" \"${PODS_ROOT}/Manifest.lock\" > /dev/null\nif [[ $? != 0 ]] ; then\n    cat << EOM\nerror: The sandbox is not in sync with the Podfile.lock. Run 'pod install' or update your CocoaPods installation.\nEOM\n    exit 1\nfi\n";
			showEnvVarsInLog = 0;
		};
		10093525F1F1793EFFEAD598 /* Embed Pods Frameworks */ = {
			isa = PBXShellScriptBuildPhase;
			buildActionMask = 2147483647;
			files = (
			);
			inputPaths = (
			);
			name = "Embed Pods Frameworks";
			outputPaths = (
			);
			runOnlyForDeploymentPostprocessing = 0;
			shellPath = /bin/sh;
			shellScript = "\"${SRCROOT}/Pods/Target Support Files/Pods/Pods-frameworks.sh\"\n";
			showEnvVarsInLog = 0;
		};
		7C63E0AA11FEA07E1ACCB057 /* Copy Pods Resources */ = {
			isa = PBXShellScriptBuildPhase;
			buildActionMask = 2147483647;
			files = (
			);
			inputPaths = (
			);
			name = "Copy Pods Resources";
			outputPaths = (
			);
			runOnlyForDeploymentPostprocessing = 0;
			shellPath = /bin/sh;
			shellScript = "\"${SRCROOT}/Pods/Target Support Files/Pods/Pods-resources.sh\"\n";
			showEnvVarsInLog = 0;
		};
/* End PBXShellScriptBuildPhase section */

/* Begin PBXSourcesBuildPhase section */
		87E975711BF3A12F004F5D01 /* Sources */ = {
			isa = PBXSourcesBuildPhase;
			buildActionMask = 2147483647;
			files = (
				87E975801BF3A12F004F5D01 /* ViewController.m in Sources */,
				87E9759D1BF3A20E004F5D01 /* MoMoConfig.m in Sources */,
				87E9757D1BF3A12F004F5D01 /* AppDelegate.m in Sources */,
				87E9757A1BF3A12F004F5D01 /* main.m in Sources */,
				87E9759E1BF3A20E004F5D01 /* MoMoPayment.m in Sources */,
				87E9759F1BF3A20E004F5D01 /* MoMoPaySDK.m in Sources */,
				87B4D4571CEC329E00DFA78B /* RSA.m in Sources */,
				87DCAA161C06CE1500733A19 /* NSData+Base64.m in Sources */,
			);
			runOnlyForDeploymentPostprocessing = 0;
		};
/* End PBXSourcesBuildPhase section */

/* Begin PBXVariantGroup section */
		87E975811BF3A12F004F5D01 /* Main.storyboard */ = {
			isa = PBXVariantGroup;
			children = (
				87E975821BF3A12F004F5D01 /* Base */,
			);
			name = Main.storyboard;
			sourceTree = "<group>";
		};
		87E975861BF3A12F004F5D01 /* LaunchScreen.storyboard */ = {
			isa = PBXVariantGroup;
			children = (
				87E975871BF3A12F004F5D01 /* Base */,
			);
			name = LaunchScreen.storyboard;
			sourceTree = "<group>";
		};
/* End PBXVariantGroup section */

/* Begin XCBuildConfiguration section */
		87E9758A1BF3A12F004F5D01 /* Debug */ = {
			isa = XCBuildConfiguration;
			buildSettings = {
				ALWAYS_SEARCH_USER_PATHS = NO;
				CLANG_CXX_LANGUAGE_STANDARD = "gnu++0x";
				CLANG_CXX_LIBRARY = "libc++";
				CLANG_ENABLE_MODULES = YES;
				CLANG_ENABLE_OBJC_ARC = YES;
				CLANG_WARN_BOOL_CONVERSION = YES;
				CLANG_WARN_CONSTANT_CONVERSION = YES;
				CLANG_WARN_DIRECT_OBJC_ISA_USAGE = YES_ERROR;
				CLANG_WARN_EMPTY_BODY = YES;
				CLANG_WARN_ENUM_CONVERSION = YES;
				CLANG_WARN_INT_CONVERSION = YES;
				CLANG_WARN_OBJC_ROOT_CLASS = YES_ERROR;
				CLANG_WARN_UNREACHABLE_CODE = YES;
				CLANG_WARN__DUPLICATE_METHOD_MATCH = YES;
				"CODE_SIGN_IDENTITY[sdk=iphoneos*]" = "iPhone Developer";
				COPY_PHASE_STRIP = NO;
				DEBUG_INFORMATION_FORMAT = dwarf;
				ENABLE_STRICT_OBJC_MSGSEND = YES;
				ENABLE_TESTABILITY = YES;
				GCC_C_LANGUAGE_STANDARD = gnu99;
				GCC_DYNAMIC_NO_PIC = NO;
				GCC_NO_COMMON_BLOCKS = YES;
				GCC_OPTIMIZATION_LEVEL = 0;
				GCC_PREPROCESSOR_DEFINITIONS = (
					"DEBUG=1",
					"$(inherited)",
				);
				GCC_WARN_64_TO_32_BIT_CONVERSION = YES;
				GCC_WARN_ABOUT_RETURN_TYPE = YES_ERROR;
				GCC_WARN_UNDECLARED_SELECTOR = YES;
				GCC_WARN_UNINITIALIZED_AUTOS = YES_AGGRESSIVE;
				GCC_WARN_UNUSED_FUNCTION = YES;
				GCC_WARN_UNUSED_VARIABLE = YES;
				IPHONEOS_DEPLOYMENT_TARGET = 9.0;
				MTL_ENABLE_DEBUG_INFO = YES;
				ONLY_ACTIVE_ARCH = YES;
				SDKROOT = iphoneos;
			};
			name = Debug;
		};
		87E9758B1BF3A12F004F5D01 /* Release */ = {
			isa = XCBuildConfiguration;
			buildSettings = {
				ALWAYS_SEARCH_USER_PATHS = NO;
				CLANG_CXX_LANGUAGE_STANDARD = "gnu++0x";
				CLANG_CXX_LIBRARY = "libc++";
				CLANG_ENABLE_MODULES = YES;
				CLANG_ENABLE_OBJC_ARC = YES;
				CLANG_WARN_BOOL_CONVERSION = YES;
				CLANG_WARN_CONSTANT_CONVERSION = YES;
				CLANG_WARN_DIRECT_OBJC_ISA_USAGE = YES_ERROR;
				CLANG_WARN_EMPTY_BODY = YES;
				CLANG_WARN_ENUM_CONVERSION = YES;
				CLANG_WARN_INT_CONVERSION = YES;
				CLANG_WARN_OBJC_ROOT_CLASS = YES_ERROR;
				CLANG_WARN_UNREACHABLE_CODE = YES;
				CLANG_WARN__DUPLICATE_METHOD_MATCH = YES;
				"CODE_SIGN_IDENTITY[sdk=iphoneos*]" = "iPhone Developer";
				COPY_PHASE_STRIP = NO;
				DEBUG_INFORMATION_FORMAT = "dwarf-with-dsym";
				ENABLE_NS_ASSERTIONS = NO;
				ENABLE_STRICT_OBJC_MSGSEND = YES;
				GCC_C_LANGUAGE_STANDARD = gnu99;
				GCC_NO_COMMON_BLOCKS = YES;
				GCC_WARN_64_TO_32_BIT_CONVERSION = YES;
				GCC_WARN_ABOUT_RETURN_TYPE = YES_ERROR;
				GCC_WARN_UNDECLARED_SELECTOR = YES;
				GCC_WARN_UNINITIALIZED_AUTOS = YES_AGGRESSIVE;
				GCC_WARN_UNUSED_FUNCTION = YES;
				GCC_WARN_UNUSED_VARIABLE = YES;
				IPHONEOS_DEPLOYMENT_TARGET = 9.0;
				MTL_ENABLE_DEBUG_INFO = NO;
				SDKROOT = iphoneos;
				VALIDATE_PRODUCT = YES;
			};
			name = Release;
		};
		87E9758D1BF3A12F004F5D01 /* Debug */ = {
			isa = XCBuildConfiguration;
			baseConfigurationReference = 06BE8FFA250A72FD01F7EC82 /* Pods.debug.xcconfig */;
			buildSettings = {
				ASSETCATALOG_COMPILER_APPICON_NAME = AppIcon;
				CLANG_ENABLE_MODULES = YES;
				CODE_SIGN_IDENTITY = "iPhone Developer";
				"CODE_SIGN_IDENTITY[sdk=iphoneos*]" = "iPhone Developer";
				GCC_PRECOMPILE_PREFIX_HEADER = YES;
				GCC_PREFIX_HEADER = "";
				HEADER_SEARCH_PATHS = "";
				INFOPLIST_FILE = "SampleApp-Xcode/Info.plist";
				IPHONEOS_DEPLOYMENT_TARGET = 8.0;
				LD_RUNPATH_SEARCH_PATHS = "$(inherited) @executable_path/Frameworks";
				PRODUCT_BUNDLE_IDENTIFIER = com.abcFoody.LuckyLuck;
				PRODUCT_NAME = "$(TARGET_NAME)";
				PROVISIONING_PROFILE = "";
				SWIFT_OPTIMIZATION_LEVEL = "-Onone";
			};
			name = Debug;
		};
		87E9758E1BF3A12F004F5D01 /* Release */ = {
			isa = XCBuildConfiguration;
			baseConfigurationReference = B068FE2508BDCB2231DB3FDE /* Pods.release.xcconfig */;
			buildSettings = {
				ASSETCATALOG_COMPILER_APPICON_NAME = AppIcon;
				CLANG_ENABLE_MODULES = YES;
				CODE_SIGN_IDENTITY = "iPhone Developer";
				"CODE_SIGN_IDENTITY[sdk=iphoneos*]" = "iPhone Developer";
				GCC_PRECOMPILE_PREFIX_HEADER = YES;
				GCC_PREFIX_HEADER = "";
				HEADER_SEARCH_PATHS = "";
				INFOPLIST_FILE = "SampleApp-Xcode/Info.plist";
				IPHONEOS_DEPLOYMENT_TARGET = 8.0;
				LD_RUNPATH_SEARCH_PATHS = "$(inherited) @executable_path/Frameworks";
				PRODUCT_BUNDLE_IDENTIFIER = com.abcFoody.LuckyLuck;
				PRODUCT_NAME = "$(TARGET_NAME)";
				PROVISIONING_PROFILE = "";
			};
			name = Release;
		};
/* End XCBuildConfiguration section */

/* Begin XCConfigurationList section */
		87E975701BF3A12F004F5D01 /* Build configuration list for PBXProject "SampleApp-Xcode" */ = {
			isa = XCConfigurationList;
			buildConfigurations = (
				87E9758A1BF3A12F004F5D01 /* Debug */,
				87E9758B1BF3A12F004F5D01 /* Release */,
			);
			defaultConfigurationIsVisible = 0;
			defaultConfigurationName = Release;
		};
		87E9758C1BF3A12F004F5D01 /* Build configuration list for PBXNativeTarget "SampleApp-Xcode" */ = {
			isa = XCConfigurationList;
			buildConfigurations = (
				87E9758D1BF3A12F004F5D01 /* Debug */,
				87E9758E1BF3A12F004F5D01 /* Release */,
			);
			defaultConfigurationIsVisible = 0;
			defaultConfigurationName = Release;
		};
/* End XCConfigurationList section */
	};
	rootObject = 87E9756D1BF3A12F004F5D01 /* Project object */;
}
